// !$*UTF8*$!
{
	archiveVersion = 1;
	classes = {
	};
	objectVersion = 56;
	objects = {

/* Begin PBXBuildFile section */
		2824A853297A112800C42D2C /* ReplayKit in Frameworks */ = {isa = PBXBuildFile; productRef = 2824A852297A112800C42D2C /* ReplayKit */; };
		2824A855297A112800C42D2C /* RtcBasic in Frameworks */ = {isa = PBXBuildFile; productRef = 2824A854297A112800C42D2C /* RtcBasic */; };
		285C780E296F1B5B006581DD /* Config.swift in Sources */ = {isa = PBXBuildFile; fileRef = 285C780D296F1B5B006581DD /* Config.swift */; };
		285C7812296F1C29006581DD /* Config.swift in Sources */ = {isa = PBXBuildFile; fileRef = 285C780D296F1B5B006581DD /* Config.swift */; };
		285C781C296F4086006581DD /* RTCManager.swift in Sources */ = {isa = PBXBuildFile; fileRef = 285C781B296F4086006581DD /* RTCManager.swift */; };
		285C781E296F40AB006581DD /* RTCView.swift in Sources */ = {isa = PBXBuildFile; fileRef = 285C781D296F40AB006581DD /* RTCView.swift */; };
		285C7820296F453E006581DD /* VideoView.swift in Sources */ = {isa = PBXBuildFile; fileRef = 285C781F296F453E006581DD /* VideoView.swift */; };
		285C784129798731006581DD /* ScreenSharerButton.swift in Sources */ = {isa = PBXBuildFile; fileRef = 285C784029798731006581DD /* ScreenSharerButton.swift */; };
		288CDAAF2979CD660083E644 /* Config.xcconfig in Resources */ = {isa = PBXBuildFile; fileRef = 288CDAAE2979CD660083E644 /* Config.xcconfig */; };
		28BB587F2982E2620072A066 /* Collections in Frameworks */ = {isa = PBXBuildFile; productRef = 28BB587E2982E2620072A066 /* Collections */; };
		28EDEF77296F165500809720 /* AgoraPIPAndSystemScreenShareApp.swift in Sources */ = {isa = PBXBuildFile; fileRef = 28EDEF76296F165500809720 /* AgoraPIPAndSystemScreenShareApp.swift */; };
		28EDEF79296F165500809720 /* ContentView.swift in Sources */ = {isa = PBXBuildFile; fileRef = 28EDEF78296F165500809720 /* ContentView.swift */; };
		28EDEF7B296F165600809720 /* Assets.xcassets in Resources */ = {isa = PBXBuildFile; fileRef = 28EDEF7A296F165600809720 /* Assets.xcassets */; };
		28EDEF7E296F165600809720 /* Preview Assets.xcassets in Resources */ = {isa = PBXBuildFile; fileRef = 28EDEF7D296F165600809720 /* Preview Assets.xcassets */; };
		28EDEF8C296F199A00809720 /* ReplayKit.framework in Frameworks */ = {isa = PBXBuildFile; fileRef = 28EDEF8B296F199A00809720 /* ReplayKit.framework */; };
		28EDEF8F296F199A00809720 /* SampleHandler.swift in Sources */ = {isa = PBXBuildFile; fileRef = 28EDEF8E296F199A00809720 /* SampleHandler.swift */; };
		28EDEF93296F199A00809720 /* PIPScreenShareExtension.appex in Embed Foundation Extensions */ = {isa = PBXBuildFile; fileRef = 28EDEF89296F199A00809720 /* PIPScreenShareExtension.appex */; settings = {ATTRIBUTES = (RemoveHeadersOnCopy, ); }; };
/* End PBXBuildFile section */

/* Begin PBXContainerItemProxy section */
		28EDEF91296F199A00809720 /* PBXContainerItemProxy */ = {
			isa = PBXContainerItemProxy;
			containerPortal = 28EDEF6B296F165500809720 /* Project object */;
			proxyType = 1;
			remoteGlobalIDString = 28EDEF88296F199A00809720;
			remoteInfo = PIPScreenShareExtension;
		};
/* End PBXContainerItemProxy section */

/* Begin PBXCopyFilesBuildPhase section */
		28EDEF97296F199A00809720 /* Embed Foundation Extensions */ = {
			isa = PBXCopyFilesBuildPhase;
			buildActionMask = 2147483647;
			dstPath = "";
			dstSubfolderSpec = 13;
			files = (
				28EDEF93296F199A00809720 /* PIPScreenShareExtension.appex in Embed Foundation Extensions */,
			);
			name = "Embed Foundation Extensions";
			runOnlyForDeploymentPostprocessing = 0;
		};
/* End PBXCopyFilesBuildPhase section */

/* Begin PBXFileReference section */
		285C780D296F1B5B006581DD /* Config.swift */ = {isa = PBXFileReference; lastKnownFileType = sourcecode.swift; path = Config.swift; sourceTree = "<group>"; };
		285C781B296F4086006581DD /* RTCManager.swift */ = {isa = PBXFileReference; lastKnownFileType = sourcecode.swift; path = RTCManager.swift; sourceTree = "<group>"; };
		285C781D296F40AB006581DD /* RTCView.swift */ = {isa = PBXFileReference; lastKnownFileType = sourcecode.swift; path = RTCView.swift; sourceTree = "<group>"; };
		285C781F296F453E006581DD /* VideoView.swift */ = {isa = PBXFileReference; lastKnownFileType = sourcecode.swift; path = VideoView.swift; sourceTree = "<group>"; };
		285C784029798731006581DD /* ScreenSharerButton.swift */ = {isa = PBXFileReference; fileEncoding = 4; lastKnownFileType = sourcecode.swift; path = ScreenSharerButton.swift; sourceTree = "<group>"; };
		288CDAAC2979CAC80083E644 /* Config.xcconfig */ = {isa = PBXFileReference; lastKnownFileType = text.xcconfig; path = Config.xcconfig; sourceTree = "<group>"; };
		288CDAAE2979CD660083E644 /* Config.xcconfig */ = {isa = PBXFileReference; fileEncoding = 4; lastKnownFileType = text.xcconfig; path = Config.xcconfig; sourceTree = "<group>"; };
		28EDEF73296F165500809720 /* AgoraPIPAndSystemScreenShare.app */ = {isa = PBXFileReference; explicitFileType = wrapper.application; includeInIndex = 0; path = AgoraPIPAndSystemScreenShare.app; sourceTree = BUILT_PRODUCTS_DIR; };
		28EDEF76296F165500809720 /* AgoraPIPAndSystemScreenShareApp.swift */ = {isa = PBXFileReference; lastKnownFileType = sourcecode.swift; path = AgoraPIPAndSystemScreenShareApp.swift; sourceTree = "<group>"; };
		28EDEF78296F165500809720 /* ContentView.swift */ = {isa = PBXFileReference; lastKnownFileType = sourcecode.swift; path = ContentView.swift; sourceTree = "<group>"; };
		28EDEF7A296F165600809720 /* Assets.xcassets */ = {isa = PBXFileReference; lastKnownFileType = folder.assetcatalog; path = Assets.xcassets; sourceTree = "<group>"; };
		28EDEF7D296F165600809720 /* Preview Assets.xcassets */ = {isa = PBXFileReference; lastKnownFileType = folder.assetcatalog; path = "Preview Assets.xcassets"; sourceTree = "<group>"; };
		28EDEF84296F185B00809720 /* Info.plist */ = {isa = PBXFileReference; lastKnownFileType = text.plist; path = Info.plist; sourceTree = "<group>"; };
		28EDEF89296F199A00809720 /* PIPScreenShareExtension.appex */ = {isa = PBXFileReference; explicitFileType = "wrapper.app-extension"; includeInIndex = 0; path = PIPScreenShareExtension.appex; sourceTree = BUILT_PRODUCTS_DIR; };
		28EDEF8B296F199A00809720 /* ReplayKit.framework */ = {isa = PBXFileReference; lastKnownFileType = wrapper.framework; name = ReplayKit.framework; path = System/Library/Frameworks/ReplayKit.framework; sourceTree = SDKROOT; };
		28EDEF8E296F199A00809720 /* SampleHandler.swift */ = {isa = PBXFileReference; lastKnownFileType = sourcecode.swift; path = SampleHandler.swift; sourceTree = "<group>"; };
		28EDEF90296F199A00809720 /* Info.plist */ = {isa = PBXFileReference; lastKnownFileType = text.plist.xml; path = Info.plist; sourceTree = "<group>"; };
/* End PBXFileReference section */

/* Begin PBXFrameworksBuildPhase section */
		28EDEF70296F165500809720 /* Frameworks */ = {
			isa = PBXFrameworksBuildPhase;
			buildActionMask = 2147483647;
			files = (
				28BB587F2982E2620072A066 /* Collections in Frameworks */,
				2824A853297A112800C42D2C /* ReplayKit in Frameworks */,
				2824A855297A112800C42D2C /* RtcBasic in Frameworks */,
			);
			runOnlyForDeploymentPostprocessing = 0;
		};
		28EDEF86296F199A00809720 /* Frameworks */ = {
			isa = PBXFrameworksBuildPhase;
			buildActionMask = 2147483647;
			files = (
				28EDEF8C296F199A00809720 /* ReplayKit.framework in Frameworks */,
			);
			runOnlyForDeploymentPostprocessing = 0;
		};
/* End PBXFrameworksBuildPhase section */

/* Begin PBXGroup section */
		28EDEF6A296F165500809720 = {
			isa = PBXGroup;
			children = (
				28EDEF75296F165500809720 /* AgoraPIPAndSystemScreenShare */,
				28EDEF8D296F199A00809720 /* PIPScreenShareExtension */,
				28EDEF8A296F199A00809720 /* Frameworks */,
				28EDEF74296F165500809720 /* Products */,
				F080329B485BEE975493FA19 /* Pods */,
			);
			sourceTree = "<group>";
		};
		28EDEF74296F165500809720 /* Products */ = {
			isa = PBXGroup;
			children = (
				28EDEF73296F165500809720 /* AgoraPIPAndSystemScreenShare.app */,
				28EDEF89296F199A00809720 /* PIPScreenShareExtension.appex */,
			);
			name = Products;
			sourceTree = "<group>";
		};
		28EDEF75296F165500809720 /* AgoraPIPAndSystemScreenShare */ = {
			isa = PBXGroup;
			children = (
				288CDAAE2979CD660083E644 /* Config.xcconfig */,
				28EDEF76296F165500809720 /* AgoraPIPAndSystemScreenShareApp.swift */,
				28EDEF7A296F165600809720 /* Assets.xcassets */,
				285C780D296F1B5B006581DD /* Config.swift */,
				28EDEF78296F165500809720 /* ContentView.swift */,
				28EDEF84296F185B00809720 /* Info.plist */,
				28EDEF7C296F165600809720 /* Preview Content */,
				285C781B296F4086006581DD /* RTCManager.swift */,
				285C781D296F40AB006581DD /* RTCView.swift */,
				285C784029798731006581DD /* ScreenSharerButton.swift */,
				285C781F296F453E006581DD /* VideoView.swift */,
			);
			path = AgoraPIPAndSystemScreenShare;
			sourceTree = "<group>";
		};
		28EDEF7C296F165600809720 /* Preview Content */ = {
			isa = PBXGroup;
			children = (
				28EDEF7D296F165600809720 /* Preview Assets.xcassets */,
			);
			path = "Preview Content";
			sourceTree = "<group>";
		};
		28EDEF8A296F199A00809720 /* Frameworks */ = {
			isa = PBXGroup;
			children = (
				28EDEF8B296F199A00809720 /* ReplayKit.framework */,
			);
			name = Frameworks;
			sourceTree = "<group>";
		};
		28EDEF8D296F199A00809720 /* PIPScreenShareExtension */ = {
			isa = PBXGroup;
			children = (
				28EDEF8E296F199A00809720 /* SampleHandler.swift */,
				28EDEF90296F199A00809720 /* Info.plist */,
				288CDAAC2979CAC80083E644 /* Config.xcconfig */,
			);
			path = PIPScreenShareExtension;
			sourceTree = "<group>";
		};
		F080329B485BEE975493FA19 /* Pods */ = {
			isa = PBXGroup;
			children = (
			);
			path = Pods;
			sourceTree = "<group>";
		};
/* End PBXGroup section */

/* Begin PBXNativeTarget section */
		28EDEF72296F165500809720 /* AgoraPIPAndSystemScreenShare */ = {
			isa = PBXNativeTarget;
			buildConfigurationList = 28EDEF81296F165600809720 /* Build configuration list for PBXNativeTarget "AgoraPIPAndSystemScreenShare" */;
			buildPhases = (
				28EDEF6F296F165500809720 /* Sources */,
				28EDEF70296F165500809720 /* Frameworks */,
				28EDEF71296F165500809720 /* Resources */,
				28EDEF97296F199A00809720 /* Embed Foundation Extensions */,
			);
			buildRules = (
			);
			dependencies = (
				28EDEF92296F199A00809720 /* PBXTargetDependency */,
			);
			name = AgoraPIPAndSystemScreenShare;
			packageProductDependencies = (
				2824A852297A112800C42D2C /* ReplayKit */,
				2824A854297A112800C42D2C /* RtcBasic */,
				28BB587E2982E2620072A066 /* Collections */,
			);
			productName = AgoraPIPAndSystemScreenShare;
			productReference = 28EDEF73296F165500809720 /* AgoraPIPAndSystemScreenShare.app */;
			productType = "com.apple.product-type.application";
		};
		28EDEF88296F199A00809720 /* PIPScreenShareExtension */ = {
			isa = PBXNativeTarget;
			buildConfigurationList = 28EDEF94296F199A00809720 /* Build configuration list for PBXNativeTarget "PIPScreenShareExtension" */;
			buildPhases = (
				28EDEF85296F199A00809720 /* Sources */,
				28EDEF86296F199A00809720 /* Frameworks */,
				28EDEF87296F199A00809720 /* Resources */,
			);
			buildRules = (
			);
			dependencies = (
			);
			name = PIPScreenShareExtension;
			productName = PIPScreenShareExtension;
			productReference = 28EDEF89296F199A00809720 /* PIPScreenShareExtension.appex */;
			productType = "com.apple.product-type.app-extension";
		};
/* End PBXNativeTarget section */

/* Begin PBXProject section */
		28EDEF6B296F165500809720 /* Project object */ = {
			isa = PBXProject;
			attributes = {
				BuildIndependentTargetsInParallel = 1;
				LastSwiftUpdateCheck = 1420;
				LastUpgradeCheck = 1420;
				TargetAttributes = {
					28EDEF72296F165500809720 = {
						CreatedOnToolsVersion = 14.2;
					};
					28EDEF88296F199A00809720 = {
						CreatedOnToolsVersion = 14.2;
					};
				};
			};
			buildConfigurationList = 28EDEF6E296F165500809720 /* Build configuration list for PBXProject "AgoraPIPAndSystemScreenShare" */;
			compatibilityVersion = "Xcode 14.0";
			developmentRegion = en;
			hasScannedForEncodings = 0;
			knownRegions = (
				en,
				Base,
			);
			mainGroup = 28EDEF6A296F165500809720;
			packageReferences = (
				2824A851297A112700C42D2C /* XCRemoteSwiftPackageReference "AgoraRtcEngine_iOS" */,
				28BB587D2982E2620072A066 /* XCRemoteSwiftPackageReference "swift-collections" */,
			);
			productRefGroup = 28EDEF74296F165500809720 /* Products */;
			projectDirPath = "";
			projectRoot = "";
			targets = (
				28EDEF72296F165500809720 /* AgoraPIPAndSystemScreenShare */,
				28EDEF88296F199A00809720 /* PIPScreenShareExtension */,
			);
		};
/* End PBXProject section */

/* Begin PBXResourcesBuildPhase section */
		28EDEF71296F165500809720 /* Resources */ = {
			isa = PBXResourcesBuildPhase;
			buildActionMask = 2147483647;
			files = (
				28EDEF7E296F165600809720 /* Preview Assets.xcassets in Resources */,
				288CDAAF2979CD660083E644 /* Config.xcconfig in Resources */,
				28EDEF7B296F165600809720 /* Assets.xcassets in Resources */,
			);
			runOnlyForDeploymentPostprocessing = 0;
		};
		28EDEF87296F199A00809720 /* Resources */ = {
			isa = PBXResourcesBuildPhase;
			buildActionMask = 2147483647;
			files = (
			);
			runOnlyForDeploymentPostprocessing = 0;
		};
/* End PBXResourcesBuildPhase section */

/* Begin PBXSourcesBuildPhase section */
		28EDEF6F296F165500809720 /* Sources */ = {
			isa = PBXSourcesBuildPhase;
			buildActionMask = 2147483647;
			files = (
				285C781E296F40AB006581DD /* RTCView.swift in Sources */,
				285C7820296F453E006581DD /* VideoView.swift in Sources */,
				285C781C296F4086006581DD /* RTCManager.swift in Sources */,
				28EDEF79296F165500809720 /* ContentView.swift in Sources */,
				28EDEF77296F165500809720 /* AgoraPIPAndSystemScreenShareApp.swift in Sources */,
				285C784129798731006581DD /* ScreenSharerButton.swift in Sources */,
				285C780E296F1B5B006581DD /* Config.swift in Sources */,
			);
			runOnlyForDeploymentPostprocessing = 0;
		};
		28EDEF85296F199A00809720 /* Sources */ = {
			isa = PBXSourcesBuildPhase;
			buildActionMask = 2147483647;
			files = (
				28EDEF8F296F199A00809720 /* SampleHandler.swift in Sources */,
				285C7812296F1C29006581DD /* Config.swift in Sources */,
			);
			runOnlyForDeploymentPostprocessing = 0;
		};
/* End PBXSourcesBuildPhase section */

/* Begin PBXTargetDependency section */
		28EDEF92296F199A00809720 /* PBXTargetDependency */ = {
			isa = PBXTargetDependency;
			target = 28EDEF88296F199A00809720 /* PIPScreenShareExtension */;
			targetProxy = 28EDEF91296F199A00809720 /* PBXContainerItemProxy */;
		};
/* End PBXTargetDependency section */

/* Begin XCBuildConfiguration section */
		28EDEF7F296F165600809720 /* Debug */ = {
			isa = XCBuildConfiguration;
			buildSettings = {
				ALWAYS_SEARCH_USER_PATHS = NO;
				CLANG_ANALYZER_NONNULL = YES;
				CLANG_ANALYZER_NUMBER_OBJECT_CONVERSION = YES_AGGRESSIVE;
				CLANG_CXX_LANGUAGE_STANDARD = "gnu++20";
				CLANG_ENABLE_MODULES = YES;
				CLANG_ENABLE_OBJC_ARC = YES;
				CLANG_ENABLE_OBJC_WEAK = YES;
				CLANG_WARN_BLOCK_CAPTURE_AUTORELEASING = YES;
				CLANG_WARN_BOOL_CONVERSION = YES;
				CLANG_WARN_COMMA = YES;
				CLANG_WARN_CONSTANT_CONVERSION = YES;
				CLANG_WARN_DEPRECATED_OBJC_IMPLEMENTATIONS = YES;
				CLANG_WARN_DIRECT_OBJC_ISA_USAGE = YES_ERROR;
				CLANG_WARN_DOCUMENTATION_COMMENTS = YES;
				CLANG_WARN_EMPTY_BODY = YES;
				CLANG_WARN_ENUM_CONVERSION = YES;
				CLANG_WARN_INFINITE_RECURSION = YES;
				CLANG_WARN_INT_CONVERSION = YES;
				CLANG_WARN_NON_LITERAL_NULL_CONVERSION = YES;
				CLANG_WARN_OBJC_IMPLICIT_RETAIN_SELF = YES;
				CLANG_WARN_OBJC_LITERAL_CONVERSION = YES;
				CLANG_WARN_OBJC_ROOT_CLASS = YES_ERROR;
				CLANG_WARN_QUOTED_INCLUDE_IN_FRAMEWORK_HEADER = YES;
				CLANG_WARN_RANGE_LOOP_ANALYSIS = YES;
				CLANG_WARN_STRICT_PROTOTYPES = YES;
				CLANG_WARN_SUSPICIOUS_MOVE = YES;
				CLANG_WARN_UNGUARDED_AVAILABILITY = YES_AGGRESSIVE;
				CLANG_WARN_UNREACHABLE_CODE = YES;
				CLANG_WARN__DUPLICATE_METHOD_MATCH = YES;
				COPY_PHASE_STRIP = NO;
				DEBUG_INFORMATION_FORMAT = dwarf;
				ENABLE_STRICT_OBJC_MSGSEND = YES;
				ENABLE_TESTABILITY = YES;
				GCC_C_LANGUAGE_STANDARD = gnu11;
				GCC_DYNAMIC_NO_PIC = NO;
				GCC_NO_COMMON_BLOCKS = YES;
				GCC_OPTIMIZATION_LEVEL = 0;
				GCC_PREPROCESSOR_DEFINITIONS = (
					"DEBUG=1",
					"$(inherited)",
				);
				GCC_WARN_64_TO_32_BIT_CONVERSION = YES;
				GCC_WARN_ABOUT_RETURN_TYPE = YES_ERROR;
				GCC_WARN_UNDECLARED_SELECTOR = YES;
				GCC_WARN_UNINITIALIZED_AUTOS = YES_AGGRESSIVE;
				GCC_WARN_UNUSED_FUNCTION = YES;
				GCC_WARN_UNUSED_VARIABLE = YES;
				IPHONEOS_DEPLOYMENT_TARGET = 16.1;
				MTL_ENABLE_DEBUG_INFO = INCLUDE_SOURCE;
				MTL_FAST_MATH = YES;
				ONLY_ACTIVE_ARCH = YES;
				SDKROOT = iphoneos;
				SWIFT_ACTIVE_COMPILATION_CONDITIONS = DEBUG;
				SWIFT_OPTIMIZATION_LEVEL = "-Onone";
			};
			name = Debug;
		};
		28EDEF80296F165600809720 /* Release */ = {
			isa = XCBuildConfiguration;
			buildSettings = {
				ALWAYS_SEARCH_USER_PATHS = NO;
				CLANG_ANALYZER_NONNULL = YES;
				CLANG_ANALYZER_NUMBER_OBJECT_CONVERSION = YES_AGGRESSIVE;
				CLANG_CXX_LANGUAGE_STANDARD = "gnu++20";
				CLANG_ENABLE_MODULES = YES;
				CLANG_ENABLE_OBJC_ARC = YES;
				CLANG_ENABLE_OBJC_WEAK = YES;
				CLANG_WARN_BLOCK_CAPTURE_AUTORELEASING = YES;
				CLANG_WARN_BOOL_CONVERSION = YES;
				CLANG_WARN_COMMA = YES;
				CLANG_WARN_CONSTANT_CONVERSION = YES;
				CLANG_WARN_DEPRECATED_OBJC_IMPLEMENTATIONS = YES;
				CLANG_WARN_DIRECT_OBJC_ISA_USAGE = YES_ERROR;
				CLANG_WARN_DOCUMENTATION_COMMENTS = YES;
				CLANG_WARN_EMPTY_BODY = YES;
				CLANG_WARN_ENUM_CONVERSION = YES;
				CLANG_WARN_INFINITE_RECURSION = YES;
				CLANG_WARN_INT_CONVERSION = YES;
				CLANG_WARN_NON_LITERAL_NULL_CONVERSION = YES;
				CLANG_WARN_OBJC_IMPLICIT_RETAIN_SELF = YES;
				CLANG_WARN_OBJC_LITERAL_CONVERSION = YES;
				CLANG_WARN_OBJC_ROOT_CLASS = YES_ERROR;
				CLANG_WARN_QUOTED_INCLUDE_IN_FRAMEWORK_HEADER = YES;
				CLANG_WARN_RANGE_LOOP_ANALYSIS = YES;
				CLANG_WARN_STRICT_PROTOTYPES = YES;
				CLANG_WARN_SUSPICIOUS_MOVE = YES;
				CLANG_WARN_UNGUARDED_AVAILABILITY = YES_AGGRESSIVE;
				CLANG_WARN_UNREACHABLE_CODE = YES;
				CLANG_WARN__DUPLICATE_METHOD_MATCH = YES;
				COPY_PHASE_STRIP = NO;
				DEBUG_INFORMATION_FORMAT = "dwarf-with-dsym";
				ENABLE_NS_ASSERTIONS = NO;
				ENABLE_STRICT_OBJC_MSGSEND = YES;
				GCC_C_LANGUAGE_STANDARD = gnu11;
				GCC_NO_COMMON_BLOCKS = YES;
				GCC_WARN_64_TO_32_BIT_CONVERSION = YES;
				GCC_WARN_ABOUT_RETURN_TYPE = YES_ERROR;
				GCC_WARN_UNDECLARED_SELECTOR = YES;
				GCC_WARN_UNINITIALIZED_AUTOS = YES_AGGRESSIVE;
				GCC_WARN_UNUSED_FUNCTION = YES;
				GCC_WARN_UNUSED_VARIABLE = YES;
				IPHONEOS_DEPLOYMENT_TARGET = 16.1;
				MTL_ENABLE_DEBUG_INFO = NO;
				MTL_FAST_MATH = YES;
				SDKROOT = iphoneos;
				SWIFT_COMPILATION_MODE = wholemodule;
				SWIFT_OPTIMIZATION_LEVEL = "-O";
				VALIDATE_PRODUCT = YES;
			};
			name = Release;
		};
		28EDEF82296F165600809720 /* Debug */ = {
			isa = XCBuildConfiguration;
			baseConfigurationReference = 288CDAAE2979CD660083E644 /* Config.xcconfig */;
			buildSettings = {
				ALWAYS_EMBED_SWIFT_STANDARD_LIBRARIES = YES;
				ASSETCATALOG_COMPILER_APPICON_NAME = AppIcon;
				ASSETCATALOG_COMPILER_GLOBAL_ACCENT_COLOR_NAME = AccentColor;
				CODE_SIGN_STYLE = Automatic;
				CURRENT_PROJECT_VERSION = 1;
				DEVELOPMENT_ASSET_PATHS = "\"AgoraPIPAndSystemScreenShare/Preview Content\"";
				DEVELOPMENT_TEAM = AZ59WCD7SF;
				ENABLE_PREVIEWS = YES;
				GENERATE_INFOPLIST_FILE = YES;
				INFOPLIST_FILE = AgoraPIPAndSystemScreenShare/Info.plist;
				INFOPLIST_KEY_LSApplicationCategoryType = "public.app-category.utilities";
				INFOPLIST_KEY_NSCameraUsageDescription = Video;
				INFOPLIST_KEY_NSMicrophoneUsageDescription = Microphone;
				INFOPLIST_KEY_UIApplicationSceneManifest_Generation = YES;
				INFOPLIST_KEY_UIApplicationSupportsIndirectInputEvents = YES;
				INFOPLIST_KEY_UILaunchScreen_Generation = YES;
				INFOPLIST_KEY_UISupportedInterfaceOrientations_iPad = "UIInterfaceOrientationPortrait UIInterfaceOrientationPortraitUpsideDown UIInterfaceOrientationLandscapeLeft UIInterfaceOrientationLandscapeRight";
				INFOPLIST_KEY_UISupportedInterfaceOrientations_iPhone = "UIInterfaceOrientationPortrait UIInterfaceOrientationLandscapeLeft UIInterfaceOrientationLandscapeRight";
				IPHONEOS_DEPLOYMENT_TARGET = 16.1;
				LD_RUNPATH_SEARCH_PATHS = (
					"$(inherited)",
					"@executable_path/Frameworks",
				);
				MARKETING_VERSION = 1.0;
				PRODUCT_BUNDLE_IDENTIFIER = io.agora.AgoraPIPAndSystemScreenShare;
				PRODUCT_NAME = "$(TARGET_NAME)";
				SWIFT_EMIT_LOC_STRINGS = YES;
				SWIFT_VERSION = 5.0;
				TARGETED_DEVICE_FAMILY = "1,2";
			};
			name = Debug;
		};
		28EDEF83296F165600809720 /* Release */ = {
			isa = XCBuildConfiguration;
			buildSettings = {
				ALWAYS_EMBED_SWIFT_STANDARD_LIBRARIES = YES;
				ASSETCATALOG_COMPILER_APPICON_NAME = AppIcon;
				ASSETCATALOG_COMPILER_GLOBAL_ACCENT_COLOR_NAME = AccentColor;
				CODE_SIGN_STYLE = Automatic;
				CURRENT_PROJECT_VERSION = 1;
				DEVELOPMENT_ASSET_PATHS = "\"AgoraPIPAndSystemScreenShare/Preview Content\"";
				DEVELOPMENT_TEAM = AZ59WCD7SF;
				ENABLE_PREVIEWS = YES;
				GENERATE_INFOPLIST_FILE = YES;
				INFOPLIST_FILE = AgoraPIPAndSystemScreenShare/Info.plist;
				INFOPLIST_KEY_LSApplicationCategoryType = "public.app-category.utilities";
				INFOPLIST_KEY_NSCameraUsageDescription = Video;
				INFOPLIST_KEY_NSMicrophoneUsageDescription = Microphone;
				INFOPLIST_KEY_UIApplicationSceneManifest_Generation = YES;
				INFOPLIST_KEY_UIApplicationSupportsIndirectInputEvents = YES;
				INFOPLIST_KEY_UILaunchScreen_Generation = YES;
				INFOPLIST_KEY_UISupportedInterfaceOrientations_iPad = "UIInterfaceOrientationPortrait UIInterfaceOrientationPortraitUpsideDown UIInterfaceOrientationLandscapeLeft UIInterfaceOrientationLandscapeRight";
				INFOPLIST_KEY_UISupportedInterfaceOrientations_iPhone = "UIInterfaceOrientationPortrait UIInterfaceOrientationLandscapeLeft UIInterfaceOrientationLandscapeRight";
				IPHONEOS_DEPLOYMENT_TARGET = 16.1;
				LD_RUNPATH_SEARCH_PATHS = (
					"$(inherited)",
					"@executable_path/Frameworks",
				);
				MARKETING_VERSION = 1.0;
				PRODUCT_BUNDLE_IDENTIFIER = io.agora.AgoraPIPAndSystemScreenShare;
				PRODUCT_NAME = "$(TARGET_NAME)";
				SWIFT_EMIT_LOC_STRINGS = YES;
				SWIFT_VERSION = 5.0;
				TARGETED_DEVICE_FAMILY = "1,2";
			};
			name = Release;
		};
		28EDEF95296F199A00809720 /* Debug */ = {
			isa = XCBuildConfiguration;
			baseConfigurationReference = 288CDAAC2979CAC80083E644 /* Config.xcconfig */;
			buildSettings = {
				CODE_SIGN_STYLE = Automatic;
				CURRENT_PROJECT_VERSION = 1;
				DEVELOPMENT_TEAM = AZ59WCD7SF;
				GENERATE_INFOPLIST_FILE = YES;
				INFOPLIST_FILE = PIPScreenShareExtension/Info.plist;
				INFOPLIST_KEY_CFBundleDisplayName = PIPScreenShareExtension;
				INFOPLIST_KEY_NSHumanReadableCopyright = "";
				LD_RUNPATH_SEARCH_PATHS = (
					"$(inherited)",
					"@executable_path/Frameworks",
					"@executable_path/../../Frameworks",
				);
				MARKETING_VERSION = 1.0;
				PRODUCT_BUNDLE_IDENTIFIER = io.agora.AgoraPIPAndSystemScreenShare.PIPScreenShareExtension;
				PRODUCT_NAME = "$(TARGET_NAME)";
				SKIP_INSTALL = YES;
				SWIFT_EMIT_LOC_STRINGS = YES;
				SWIFT_VERSION = 5.0;
				TARGETED_DEVICE_FAMILY = "1,2";
			};
			name = Debug;
		};
		28EDEF96296F199A00809720 /* Release */ = {
			isa = XCBuildConfiguration;
			buildSettings = {
				CODE_SIGN_STYLE = Automatic;
				CURRENT_PROJECT_VERSION = 1;
				DEVELOPMENT_TEAM = AZ59WCD7SF;
				GENERATE_INFOPLIST_FILE = YES;
				INFOPLIST_FILE = PIPScreenShareExtension/Info.plist;
				INFOPLIST_KEY_CFBundleDisplayName = PIPScreenShareExtension;
				INFOPLIST_KEY_NSHumanReadableCopyright = "";
				LD_RUNPATH_SEARCH_PATHS = (
					"$(inherited)",
					"@executable_path/Frameworks",
					"@executable_path/../../Frameworks",
				);
				MARKETING_VERSION = 1.0;
				PRODUCT_BUNDLE_IDENTIFIER = io.agora.AgoraPIPAndSystemScreenShare.PIPScreenShareExtension;
				PRODUCT_NAME = "$(TARGET_NAME)";
				SKIP_INSTALL = YES;
				SWIFT_EMIT_LOC_STRINGS = YES;
				SWIFT_VERSION = 5.0;
				TARGETED_DEVICE_FAMILY = "1,2";
			};
			name = Release;
		};
/* End XCBuildConfiguration section */

/* Begin XCConfigurationList section */
		28EDEF6E296F165500809720 /* Build configuration list for PBXProject "AgoraPIPAndSystemScreenShare" */ = {
			isa = XCConfigurationList;
			buildConfigurations = (
				28EDEF7F296F165600809720 /* Debug */,
				28EDEF80296F165600809720 /* Release */,
			);
			defaultConfigurationIsVisible = 0;
			defaultConfigurationName = Release;
		};
		28EDEF81296F165600809720 /* Build configuration list for PBXNativeTarget "AgoraPIPAndSystemScreenShare" */ = {
			isa = XCConfigurationList;
			buildConfigurations = (
				28EDEF82296F165600809720 /* Debug */,
				28EDEF83296F165600809720 /* Release */,
			);
			defaultConfigurationIsVisible = 0;
			defaultConfigurationName = Release;
		};
		28EDEF94296F199A00809720 /* Build configuration list for PBXNativeTarget "PIPScreenShareExtension" */ = {
			isa = XCConfigurationList;
			buildConfigurations = (
				28EDEF95296F199A00809720 /* Debug */,
				28EDEF96296F199A00809720 /* Release */,
			);
			defaultConfigurationIsVisible = 0;
			defaultConfigurationName = Release;
		};
/* End XCConfigurationList section */

/* Begin XCRemoteSwiftPackageReference section */
		2824A851297A112700C42D2C /* XCRemoteSwiftPackageReference "AgoraRtcEngine_iOS" */ = {
			isa = XCRemoteSwiftPackageReference;
			repositoryURL = "https://github.com/AgoraIO/AgoraRtcEngine_iOS";
			requirement = {
				branch = main;
				kind = branch;
			};
		};
		28BB587D2982E2620072A066 /* XCRemoteSwiftPackageReference "swift-collections" */ = {
			isa = XCRemoteSwiftPackageReference;
			repositoryURL = "https://github.com/apple/swift-collections.git";
			requirement = {
				kind = upToNextMajorVersion;
				minimumVersion = 1.0.0;
			};
		};
/* End XCRemoteSwiftPackageReference section */

/* Begin XCSwiftPackageProductDependency section */
		2824A852297A112800C42D2C /* ReplayKit */ = {
			isa = XCSwiftPackageProductDependency;
			package = 2824A851297A112700C42D2C /* XCRemoteSwiftPackageReference "AgoraRtcEngine_iOS" */;
			productName = ReplayKit;
		};
		2824A854297A112800C42D2C /* RtcBasic */ = {
			isa = XCSwiftPackageProductDependency;
			package = 2824A851297A112700C42D2C /* XCRemoteSwiftPackageReference "AgoraRtcEngine_iOS" */;
			productName = RtcBasic;
		};
		28BB587E2982E2620072A066 /* Collections */ = {
			isa = XCSwiftPackageProductDependency;
			package = 28BB587D2982E2620072A066 /* XCRemoteSwiftPackageReference "swift-collections" */;
			productName = Collections;
		};
/* End XCSwiftPackageProductDependency section */
	};
	rootObject = 28EDEF6B296F165500809720 /* Project object */;
}
