{
  "pins" : [
    {
      "identity" : "agorartcengine_ios",
      "kind" : "remoteSourceControl",
      "location" : "https://github.com/AgoraIO/AgoraRtcEngine_iOS",
      "state" : {
        "branch" : "main",
        "revision" : "b18e40c024a7393dd33f12dcdbbb780aa8ac8d76"
      }
    }
  ],
  "version" : 2
}
